// !$*UTF8*$!
{
	archiveVersion = 1;
	classes = {
	};
	objectVersion = 50;
	objects = {

/* Begin PBXBuildFile section */
		AC7DD21126BD89BA002AAA38 /* AppDelegate.swift in Sources */ = {isa = PBXBuildFile; fileRef = AC7DD21026BD89BA002AAA38 /* AppDelegate.swift */; };
		AC7DD21A26BD89BB002AAA38 /* Assets.xcassets in Resources */ = {isa = PBXBuildFile; fileRef = AC7DD21926BD89BB002AAA38 /* Assets.xcassets */; };
		AC7DD21D26BD89BB002AAA38 /* LaunchScreen.storyboard in Resources */ = {isa = PBXBuildFile; fileRef = AC7DD21B26BD89BB002AAA38 /* LaunchScreen.storyboard */; };
		AC7DD22826BD89BB002AAA38 /* ios_swift_mvvm_starterTests.swift in Sources */ = {isa = PBXBuildFile; fileRef = AC7DD22726BD89BB002AAA38 /* ios_swift_mvvm_starterTests.swift */; };
		AC7DD23326BD89BB002AAA38 /* ios_swift_mvvm_starterUITests.swift in Sources */ = {isa = PBXBuildFile; fileRef = AC7DD23226BD89BB002AAA38 /* ios_swift_mvvm_starterUITests.swift */; };
		AC7DD25A26BD8D32002AAA38 /* SceneDelegate.swift in Sources */ = {isa = PBXBuildFile; fileRef = AC7DD21226BD89BA002AAA38 /* SceneDelegate.swift */; };
		AC7DD25F26BD8E2E002AAA38 /* AppConfiguration.swift in Sources */ = {isa = PBXBuildFile; fileRef = AC7DD25E26BD8E2E002AAA38 /* AppConfiguration.swift */; };
		AC7DD26426BD8E68002AAA38 /* AppFlowCoordinator.swift in Sources */ = {isa = PBXBuildFile; fileRef = AC7DD26326BD8E68002AAA38 /* AppFlowCoordinator.swift */; };
		AC7DD27626BD8FC2002AAA38 /* UsersAPIEndpoints.swift in Sources */ = {isa = PBXBuildFile; fileRef = AC7DD27526BD8FC2002AAA38 /* UsersAPIEndpoints.swift */; };
		AC7DD2A526BD93BC002AAA38 /* Users.storyboard in Resources */ = {isa = PBXBuildFile; fileRef = AC7DD2A426BD93BC002AAA38 /* Users.storyboard */; };
		AC7DD2AA26BD93D5002AAA38 /* UsersViewController.swift in Sources */ = {isa = PBXBuildFile; fileRef = AC7DD2A926BD93D5002AAA38 /* UsersViewController.swift */; };
		AC7DD2AF26BD93E0002AAA38 /* UserDetailViewController.swift in Sources */ = {isa = PBXBuildFile; fileRef = AC7DD2AE26BD93E0002AAA38 /* UserDetailViewController.swift */; };
		AC7DD2B426BD940D002AAA38 /* BaseUsersViewController.swift in Sources */ = {isa = PBXBuildFile; fileRef = AC7DD2B326BD940D002AAA38 /* BaseUsersViewController.swift */; };
		AC7DD2B926BD9474002AAA38 /* UsersViewModel.swift in Sources */ = {isa = PBXBuildFile; fileRef = AC7DD2B826BD9474002AAA38 /* UsersViewModel.swift */; };
		AC7DD2C426BD95B9002AAA38 /* Users.swift in Sources */ = {isa = PBXBuildFile; fileRef = AC7DD2C326BD95B9002AAA38 /* Users.swift */; };
		AC7DD2CF26BD993A002AAA38 /* UserLocalDataManager.swift in Sources */ = {isa = PBXBuildFile; fileRef = AC7DD2CE26BD993A002AAA38 /* UserLocalDataManager.swift */; };
		AC7DD2D826BD9B6E002AAA38 /* CoreDataStorage.xcdatamodeld in Sources */ = {isa = PBXBuildFile; fileRef = AC7DD2D626BD9B6E002AAA38 /* CoreDataStorage.xcdatamodeld */; };
		AC7DD2EA26BD9D52002AAA38 /* UsersRemoteDataManager.swift in Sources */ = {isa = PBXBuildFile; fileRef = AC7DD2E926BD9D52002AAA38 /* UsersRemoteDataManager.swift */; };
		AC7DD2F626BE3A95002AAA38 /* BaseViewController.swift in Sources */ = {isa = PBXBuildFile; fileRef = AC7DD2F526BE3A95002AAA38 /* BaseViewController.swift */; };
		AC7DD2FB26BE3CED002AAA38 /* UsersModule.swift in Sources */ = {isa = PBXBuildFile; fileRef = AC7DD2FA26BE3CED002AAA38 /* UsersModule.swift */; };
		AC7DD31C26BE472D002AAA38 /* UsersResponse.swift in Sources */ = {isa = PBXBuildFile; fileRef = AC7DD31B26BE472D002AAA38 /* UsersResponse.swift */; };
		AC7DD36526BE5E57002AAA38 /* DataTransferService.swift in Sources */ = {isa = PBXBuildFile; fileRef = AC7DD36126BE5E57002AAA38 /* DataTransferService.swift */; };
		AC7DD36626BE5E57002AAA38 /* NetworkService.swift in Sources */ = {isa = PBXBuildFile; fileRef = AC7DD36226BE5E57002AAA38 /* NetworkService.swift */; };
		AC7DD36726BE5E57002AAA38 /* APIEndpoint.swift in Sources */ = {isa = PBXBuildFile; fileRef = AC7DD36326BE5E57002AAA38 /* APIEndpoint.swift */; };
		AC7DD36826BE5E57002AAA38 /* NetworkConfig.swift in Sources */ = {isa = PBXBuildFile; fileRef = AC7DD36426BE5E57002AAA38 /* NetworkConfig.swift */; };
		AC7DD37726BE8547002AAA38 /* UserTableViewCell.swift in Sources */ = {isa = PBXBuildFile; fileRef = AC7DD37626BE8547002AAA38 /* UserTableViewCell.swift */; };
		AC7DD37F26BE8572002AAA38 /* BaseTableViewCell.swift in Sources */ = {isa = PBXBuildFile; fileRef = AC7DD37E26BE8572002AAA38 /* BaseTableViewCell.swift */; };
		ACE6925826BED16A0034D1CA /* CoreDataStorage.swift in Sources */ = {isa = PBXBuildFile; fileRef = ACE6925726BED16A0034D1CA /* CoreDataStorage.swift */; };
		ACE6926026BED88A0034D1CA /* NetworkTask.swift in Sources */ = {isa = PBXBuildFile; fileRef = ACE6925F26BED88A0034D1CA /* NetworkTask.swift */; };
		ACE6926626BED8DE0034D1CA /* Cancellable.swift in Sources */ = {isa = PBXBuildFile; fileRef = ACE6926526BED8DE0034D1CA /* Cancellable.swift */; };
		ACE6926B26BED8F00034D1CA /* ConnectionError.swift in Sources */ = {isa = PBXBuildFile; fileRef = ACE6926A26BED8F00034D1CA /* ConnectionError.swift */; };
		ACE6927026BEE85B0034D1CA /* AppDIContainer.swift in Sources */ = {isa = PBXBuildFile; fileRef = ACE6926F26BEE85B0034D1CA /* AppDIContainer.swift */; };
		ACE6927926BEF7420034D1CA /* Observable.swift in Sources */ = {isa = PBXBuildFile; fileRef = ACE6927826BEF7420034D1CA /* Observable.swift */; };
		ACE6928E26BF05920034D1CA /* CacheableImageView.swift in Sources */ = {isa = PBXBuildFile; fileRef = ACE6928D26BF05920034D1CA /* CacheableImageView.swift */; };
		ACE6929626BF0F7F0034D1CA /* UserProfileTableViewCell.swift in Sources */ = {isa = PBXBuildFile; fileRef = ACE6929526BF0F7F0034D1CA /* UserProfileTableViewCell.swift */; };
		ACE6929B26BF0F9B0034D1CA /* UserActivityTableViewCell.swift in Sources */ = {isa = PBXBuildFile; fileRef = ACE6929A26BF0F9B0034D1CA /* UserActivityTableViewCell.swift */; };
		ACE692A026BF0FA50034D1CA /* UserBioTableViewCell.swift in Sources */ = {isa = PBXBuildFile; fileRef = ACE6929F26BF0FA50034D1CA /* UserBioTableViewCell.swift */; };
		ACE692A526BF1EB40034D1CA /* TransparentNavigationBar.swift in Sources */ = {isa = PBXBuildFile; fileRef = ACE692A426BF1EB40034D1CA /* TransparentNavigationBar.swift */; };
/* End PBXBuildFile section */

/* Begin PBXContainerItemProxy section */
		AC7DD22426BD89BB002AAA38 /* PBXContainerItemProxy */ = {
			isa = PBXContainerItemProxy;
			containerPortal = AC7DD20526BD89BA002AAA38 /* Project object */;
			proxyType = 1;
			remoteGlobalIDString = AC7DD20C26BD89BA002AAA38;
			remoteInfo = "ios-swift-mvvm-starter";
		};
		AC7DD22F26BD89BB002AAA38 /* PBXContainerItemProxy */ = {
			isa = PBXContainerItemProxy;
			containerPortal = AC7DD20526BD89BA002AAA38 /* Project object */;
			proxyType = 1;
			remoteGlobalIDString = AC7DD20C26BD89BA002AAA38;
			remoteInfo = "ios-swift-mvvm-starter";
		};
/* End PBXContainerItemProxy section */

/* Begin PBXFileReference section */
		AC7DD20D26BD89BA002AAA38 /* ios-swift-mvvm-starter.app */ = {isa = PBXFileReference; explicitFileType = wrapper.application; includeInIndex = 0; path = "ios-swift-mvvm-starter.app"; sourceTree = BUILT_PRODUCTS_DIR; };
		AC7DD21026BD89BA002AAA38 /* AppDelegate.swift */ = {isa = PBXFileReference; lastKnownFileType = sourcecode.swift; path = AppDelegate.swift; sourceTree = "<group>"; };
		AC7DD21226BD89BA002AAA38 /* SceneDelegate.swift */ = {isa = PBXFileReference; lastKnownFileType = sourcecode.swift; path = SceneDelegate.swift; sourceTree = "<group>"; };
		AC7DD21926BD89BB002AAA38 /* Assets.xcassets */ = {isa = PBXFileReference; lastKnownFileType = folder.assetcatalog; path = Assets.xcassets; sourceTree = "<group>"; };
		AC7DD21C26BD89BB002AAA38 /* Base */ = {isa = PBXFileReference; lastKnownFileType = file.storyboard; name = Base; path = Base.lproj/LaunchScreen.storyboard; sourceTree = "<group>"; };
		AC7DD21E26BD89BB002AAA38 /* Info.plist */ = {isa = PBXFileReference; lastKnownFileType = text.plist.xml; path = Info.plist; sourceTree = "<group>"; };
		AC7DD22326BD89BB002AAA38 /* ios-swift-mvvm-starterTests.xctest */ = {isa = PBXFileReference; explicitFileType = wrapper.cfbundle; includeInIndex = 0; path = "ios-swift-mvvm-starterTests.xctest"; sourceTree = BUILT_PRODUCTS_DIR; };
		AC7DD22726BD89BB002AAA38 /* ios_swift_mvvm_starterTests.swift */ = {isa = PBXFileReference; lastKnownFileType = sourcecode.swift; path = ios_swift_mvvm_starterTests.swift; sourceTree = "<group>"; };
		AC7DD22926BD89BB002AAA38 /* Info.plist */ = {isa = PBXFileReference; lastKnownFileType = text.plist.xml; path = Info.plist; sourceTree = "<group>"; };
		AC7DD22E26BD89BB002AAA38 /* ios-swift-mvvm-starterUITests.xctest */ = {isa = PBXFileReference; explicitFileType = wrapper.cfbundle; includeInIndex = 0; path = "ios-swift-mvvm-starterUITests.xctest"; sourceTree = BUILT_PRODUCTS_DIR; };
		AC7DD23226BD89BB002AAA38 /* ios_swift_mvvm_starterUITests.swift */ = {isa = PBXFileReference; lastKnownFileType = sourcecode.swift; path = ios_swift_mvvm_starterUITests.swift; sourceTree = "<group>"; };
		AC7DD23426BD89BB002AAA38 /* Info.plist */ = {isa = PBXFileReference; lastKnownFileType = text.plist.xml; path = Info.plist; sourceTree = "<group>"; };
		AC7DD25E26BD8E2E002AAA38 /* AppConfiguration.swift */ = {isa = PBXFileReference; lastKnownFileType = sourcecode.swift; path = AppConfiguration.swift; sourceTree = "<group>"; };
		AC7DD26326BD8E68002AAA38 /* AppFlowCoordinator.swift */ = {isa = PBXFileReference; lastKnownFileType = sourcecode.swift; path = AppFlowCoordinator.swift; sourceTree = "<group>"; };
		AC7DD27526BD8FC2002AAA38 /* UsersAPIEndpoints.swift */ = {isa = PBXFileReference; lastKnownFileType = sourcecode.swift; path = UsersAPIEndpoints.swift; sourceTree = "<group>"; };
		AC7DD2A426BD93BC002AAA38 /* Users.storyboard */ = {isa = PBXFileReference; lastKnownFileType = file.storyboard; path = Users.storyboard; sourceTree = "<group>"; };
		AC7DD2A926BD93D5002AAA38 /* UsersViewController.swift */ = {isa = PBXFileReference; lastKnownFileType = sourcecode.swift; path = UsersViewController.swift; sourceTree = "<group>"; };
		AC7DD2AE26BD93E0002AAA38 /* UserDetailViewController.swift */ = {isa = PBXFileReference; lastKnownFileType = sourcecode.swift; path = UserDetailViewController.swift; sourceTree = "<group>"; };
		AC7DD2B326BD940D002AAA38 /* BaseUsersViewController.swift */ = {isa = PBXFileReference; lastKnownFileType = sourcecode.swift; path = BaseUsersViewController.swift; sourceTree = "<group>"; };
		AC7DD2B826BD9474002AAA38 /* UsersViewModel.swift */ = {isa = PBXFileReference; lastKnownFileType = sourcecode.swift; path = UsersViewModel.swift; sourceTree = "<group>"; };
		AC7DD2C326BD95B9002AAA38 /* Users.swift */ = {isa = PBXFileReference; lastKnownFileType = sourcecode.swift; path = Users.swift; sourceTree = "<group>"; };
		AC7DD2CE26BD993A002AAA38 /* UserLocalDataManager.swift */ = {isa = PBXFileReference; lastKnownFileType = sourcecode.swift; path = UserLocalDataManager.swift; sourceTree = "<group>"; };
		AC7DD2D726BD9B6E002AAA38 /* GitUsers.xcdatamodel */ = {isa = PBXFileReference; lastKnownFileType = wrapper.xcdatamodel; path = GitUsers.xcdatamodel; sourceTree = "<group>"; };
		AC7DD2E926BD9D52002AAA38 /* UsersRemoteDataManager.swift */ = {isa = PBXFileReference; lastKnownFileType = sourcecode.swift; path = UsersRemoteDataManager.swift; sourceTree = "<group>"; };
		AC7DD2F526BE3A95002AAA38 /* BaseViewController.swift */ = {isa = PBXFileReference; lastKnownFileType = sourcecode.swift; path = BaseViewController.swift; sourceTree = "<group>"; };
		AC7DD2FA26BE3CED002AAA38 /* UsersModule.swift */ = {isa = PBXFileReference; lastKnownFileType = sourcecode.swift; path = UsersModule.swift; sourceTree = "<group>"; };
		AC7DD31B26BE472D002AAA38 /* UsersResponse.swift */ = {isa = PBXFileReference; lastKnownFileType = sourcecode.swift; path = UsersResponse.swift; sourceTree = "<group>"; };
		AC7DD36126BE5E57002AAA38 /* DataTransferService.swift */ = {isa = PBXFileReference; fileEncoding = 4; lastKnownFileType = sourcecode.swift; path = DataTransferService.swift; sourceTree = "<group>"; };
		AC7DD36226BE5E57002AAA38 /* NetworkService.swift */ = {isa = PBXFileReference; fileEncoding = 4; lastKnownFileType = sourcecode.swift; path = NetworkService.swift; sourceTree = "<group>"; };
		AC7DD36326BE5E57002AAA38 /* APIEndpoint.swift */ = {isa = PBXFileReference; fileEncoding = 4; lastKnownFileType = sourcecode.swift; path = APIEndpoint.swift; sourceTree = "<group>"; };
		AC7DD36426BE5E57002AAA38 /* NetworkConfig.swift */ = {isa = PBXFileReference; fileEncoding = 4; lastKnownFileType = sourcecode.swift; path = NetworkConfig.swift; sourceTree = "<group>"; };
		AC7DD37626BE8547002AAA38 /* UserTableViewCell.swift */ = {isa = PBXFileReference; lastKnownFileType = sourcecode.swift; path = UserTableViewCell.swift; sourceTree = "<group>"; };
		AC7DD37E26BE8572002AAA38 /* BaseTableViewCell.swift */ = {isa = PBXFileReference; lastKnownFileType = sourcecode.swift; path = BaseTableViewCell.swift; sourceTree = "<group>"; };
		ACE6925726BED16A0034D1CA /* CoreDataStorage.swift */ = {isa = PBXFileReference; lastKnownFileType = sourcecode.swift; path = CoreDataStorage.swift; sourceTree = "<group>"; };
		ACE6925F26BED88A0034D1CA /* NetworkTask.swift */ = {isa = PBXFileReference; lastKnownFileType = sourcecode.swift; path = NetworkTask.swift; sourceTree = "<group>"; };
		ACE6926526BED8DE0034D1CA /* Cancellable.swift */ = {isa = PBXFileReference; lastKnownFileType = sourcecode.swift; path = Cancellable.swift; sourceTree = "<group>"; };
		ACE6926A26BED8F00034D1CA /* ConnectionError.swift */ = {isa = PBXFileReference; lastKnownFileType = sourcecode.swift; path = ConnectionError.swift; sourceTree = "<group>"; };
		ACE6926F26BEE85B0034D1CA /* AppDIContainer.swift */ = {isa = PBXFileReference; lastKnownFileType = sourcecode.swift; path = AppDIContainer.swift; sourceTree = "<group>"; };
		ACE6927826BEF7420034D1CA /* Observable.swift */ = {isa = PBXFileReference; lastKnownFileType = sourcecode.swift; path = Observable.swift; sourceTree = "<group>"; };
		ACE6928D26BF05920034D1CA /* CacheableImageView.swift */ = {isa = PBXFileReference; lastKnownFileType = sourcecode.swift; path = CacheableImageView.swift; sourceTree = "<group>"; };
		ACE6929526BF0F7F0034D1CA /* UserProfileTableViewCell.swift */ = {isa = PBXFileReference; lastKnownFileType = sourcecode.swift; path = UserProfileTableViewCell.swift; sourceTree = "<group>"; };
		ACE6929A26BF0F9B0034D1CA /* UserActivityTableViewCell.swift */ = {isa = PBXFileReference; lastKnownFileType = sourcecode.swift; path = UserActivityTableViewCell.swift; sourceTree = "<group>"; };
		ACE6929F26BF0FA50034D1CA /* UserBioTableViewCell.swift */ = {isa = PBXFileReference; lastKnownFileType = sourcecode.swift; path = UserBioTableViewCell.swift; sourceTree = "<group>"; };
		ACE692A426BF1EB40034D1CA /* TransparentNavigationBar.swift */ = {isa = PBXFileReference; lastKnownFileType = sourcecode.swift; path = TransparentNavigationBar.swift; sourceTree = "<group>"; };
		ACE692AC26BF8BE00034D1CA /* README.md */ = {isa = PBXFileReference; lastKnownFileType = net.daringfireball.markdown; path = README.md; sourceTree = "<group>"; };
/* End PBXFileReference section */

/* Begin PBXFrameworksBuildPhase section */
		AC7DD20A26BD89BA002AAA38 /* Frameworks */ = {
			isa = PBXFrameworksBuildPhase;
			buildActionMask = 2147483647;
			files = (
			);
			runOnlyForDeploymentPostprocessing = 0;
		};
		AC7DD22026BD89BB002AAA38 /* Frameworks */ = {
			isa = PBXFrameworksBuildPhase;
			buildActionMask = 2147483647;
			files = (
			);
			runOnlyForDeploymentPostprocessing = 0;
		};
		AC7DD22B26BD89BB002AAA38 /* Frameworks */ = {
			isa = PBXFrameworksBuildPhase;
			buildActionMask = 2147483647;
			files = (
			);
			runOnlyForDeploymentPostprocessing = 0;
		};
/* End PBXFrameworksBuildPhase section */

/* Begin PBXGroup section */
		AC7DD20426BD89BA002AAA38 = {
			isa = PBXGroup;
			children = (
				ACE692AC26BF8BE00034D1CA /* README.md */,
				AC7DD20F26BD89BA002AAA38 /* ios-swift-mvvm-starter */,
				AC7DD22626BD89BB002AAA38 /* ios-swift-mvvm-starterTests */,
				AC7DD23126BD89BB002AAA38 /* ios-swift-mvvm-starterUITests */,
				AC7DD20E26BD89BA002AAA38 /* Products */,
			);
			sourceTree = "<group>";
		};
		AC7DD20E26BD89BA002AAA38 /* Products */ = {
			isa = PBXGroup;
			children = (
				AC7DD20D26BD89BA002AAA38 /* ios-swift-mvvm-starter.app */,
				AC7DD22326BD89BB002AAA38 /* ios-swift-mvvm-starterTests.xctest */,
				AC7DD22E26BD89BB002AAA38 /* ios-swift-mvvm-starterUITests.xctest */,
			);
			name = Products;
			sourceTree = "<group>";
		};
		AC7DD20F26BD89BA002AAA38 /* ios-swift-mvvm-starter */ = {
			isa = PBXGroup;
			children = (
				AC7DD32E26BE4E72002AAA38 /* Core */,
				AC7DD24326BD8A9E002AAA38 /* Application */,
				AC7DD2F426BE3A53002AAA38 /* Bases */,
				AC7DD24626BD8B1E002AAA38 /* Domain */,
				AC7DD27326BD8FAB002AAA38 /* DataManager */,
				AC7DD24926BD8B51002AAA38 /* Resources */,
				AC7DD21B26BD89BB002AAA38 /* LaunchScreen.storyboard */,
			);
			path = "ios-swift-mvvm-starter";
			sourceTree = "<group>";
		};
		AC7DD22626BD89BB002AAA38 /* ios-swift-mvvm-starterTests */ = {
			isa = PBXGroup;
			children = (
				AC7DD22726BD89BB002AAA38 /* ios_swift_mvvm_starterTests.swift */,
				AC7DD22926BD89BB002AAA38 /* Info.plist */,
			);
			path = "ios-swift-mvvm-starterTests";
			sourceTree = "<group>";
		};
		AC7DD23126BD89BB002AAA38 /* ios-swift-mvvm-starterUITests */ = {
			isa = PBXGroup;
			children = (
				AC7DD23226BD89BB002AAA38 /* ios_swift_mvvm_starterUITests.swift */,
				AC7DD23426BD89BB002AAA38 /* Info.plist */,
			);
			path = "ios-swift-mvvm-starterUITests";
			sourceTree = "<group>";
		};
		AC7DD24326BD8A9E002AAA38 /* Application */ = {
			isa = PBXGroup;
			children = (
				AC7DD21226BD89BA002AAA38 /* SceneDelegate.swift */,
				AC7DD21026BD89BA002AAA38 /* AppDelegate.swift */,
				AC7DD25E26BD8E2E002AAA38 /* AppConfiguration.swift */,
				AC7DD26326BD8E68002AAA38 /* AppFlowCoordinator.swift */,
				ACE6926F26BEE85B0034D1CA /* AppDIContainer.swift */,
			);
			path = Application;
			sourceTree = "<group>";
		};
		AC7DD24626BD8B1E002AAA38 /* Domain */ = {
			isa = PBXGroup;
			children = (
				AC7DD2A026BD9386002AAA38 /* Users */,
			);
			path = Domain;
			sourceTree = "<group>";
		};
		AC7DD24926BD8B51002AAA38 /* Resources */ = {
			isa = PBXGroup;
			children = (
				AC7DD21E26BD89BB002AAA38 /* Info.plist */,
				AC7DD21926BD89BB002AAA38 /* Assets.xcassets */,
			);
			name = Resources;
			sourceTree = "<group>";
		};
		AC7DD27326BD8FAB002AAA38 /* DataManager */ = {
			isa = PBXGroup;
			children = (
				AC7DD2C226BD95B1002AAA38 /* Entities */,
				AC7DD27D26BD9047002AAA38 /* Local */,
				AC7DD27426BD8FB9002AAA38 /* Remote */,
				AC7DD2D626BD9B6E002AAA38 /* CoreDataStorage.xcdatamodeld */,
			);
			path = DataManager;
			sourceTree = "<group>";
		};
		AC7DD27426BD8FB9002AAA38 /* Remote */ = {
			isa = PBXGroup;
			children = (
				AC7DD31A26BE471D002AAA38 /* Mapping */,
				AC7DD27526BD8FC2002AAA38 /* UsersAPIEndpoints.swift */,
				AC7DD2E926BD9D52002AAA38 /* UsersRemoteDataManager.swift */,
			);
			path = Remote;
			sourceTree = "<group>";
		};
		AC7DD27D26BD9047002AAA38 /* Local */ = {
			isa = PBXGroup;
			children = (
				AC7DD2CE26BD993A002AAA38 /* UserLocalDataManager.swift */,
			);
			path = Local;
			sourceTree = "<group>";
		};
		AC7DD2A026BD9386002AAA38 /* Users */ = {
			isa = PBXGroup;
			children = (
				AC7DD2A326BD93A5002AAA38 /* Views */,
				AC7DD2A226BD939B002AAA38 /* ViewModels */,
				AC7DD2A126BD9390002AAA38 /* Controllers */,
				AC7DD2B326BD940D002AAA38 /* BaseUsersViewController.swift */,
				AC7DD2FA26BE3CED002AAA38 /* UsersModule.swift */,
			);
			path = Users;
			sourceTree = "<group>";
		};
		AC7DD2A126BD9390002AAA38 /* Controllers */ = {
			isa = PBXGroup;
			children = (
				AC7DD2A926BD93D5002AAA38 /* UsersViewController.swift */,
				AC7DD2AE26BD93E0002AAA38 /* UserDetailViewController.swift */,
			);
			path = Controllers;
			sourceTree = "<group>";
		};
		AC7DD2A226BD939B002AAA38 /* ViewModels */ = {
			isa = PBXGroup;
			children = (
				AC7DD2B826BD9474002AAA38 /* UsersViewModel.swift */,
			);
			path = ViewModels;
			sourceTree = "<group>";
		};
		AC7DD2A326BD93A5002AAA38 /* Views */ = {
			isa = PBXGroup;
			children = (
				AC7DD37526BE852B002AAA38 /* TableViewCells */,
				AC7DD2A426BD93BC002AAA38 /* Users.storyboard */,
			);
			path = Views;
			sourceTree = "<group>";
		};
		AC7DD2C226BD95B1002AAA38 /* Entities */ = {
			isa = PBXGroup;
			children = (
				AC7DD2C326BD95B9002AAA38 /* Users.swift */,
			);
			path = Entities;
			sourceTree = "<group>";
		};
		AC7DD2F426BE3A53002AAA38 /* Bases */ = {
			isa = PBXGroup;
			children = (
				AC7DD2F526BE3A95002AAA38 /* BaseViewController.swift */,
				AC7DD37E26BE8572002AAA38 /* BaseTableViewCell.swift */,
			);
			path = Bases;
			sourceTree = "<group>";
		};
		AC7DD31A26BE471D002AAA38 /* Mapping */ = {
			isa = PBXGroup;
			children = (
				AC7DD31B26BE472D002AAA38 /* UsersResponse.swift */,
			);
			path = Mapping;
			sourceTree = "<group>";
		};
		AC7DD32E26BE4E72002AAA38 /* Core */ = {
			isa = PBXGroup;
			children = (
				ACE6926426BED8CB0034D1CA /* Common */,
				ACE6925626BED1590034D1CA /* LocalStorage */,
				AC7DD36026BE5E57002AAA38 /* Network */,
			);
			path = Core;
			sourceTree = "<group>";
		};
		AC7DD36026BE5E57002AAA38 /* Network */ = {
			isa = PBXGroup;
			children = (
				AC7DD36126BE5E57002AAA38 /* DataTransferService.swift */,
				AC7DD36226BE5E57002AAA38 /* NetworkService.swift */,
				AC7DD36326BE5E57002AAA38 /* APIEndpoint.swift */,
				AC7DD36426BE5E57002AAA38 /* NetworkConfig.swift */,
				ACE6925F26BED88A0034D1CA /* NetworkTask.swift */,
			);
			path = Network;
			sourceTree = "<group>";
		};
		AC7DD37526BE852B002AAA38 /* TableViewCells */ = {
			isa = PBXGroup;
			children = (
				AC7DD37626BE8547002AAA38 /* UserTableViewCell.swift */,
				ACE6929526BF0F7F0034D1CA /* UserProfileTableViewCell.swift */,
				ACE6929A26BF0F9B0034D1CA /* UserActivityTableViewCell.swift */,
				ACE6929F26BF0FA50034D1CA /* UserBioTableViewCell.swift */,
			);
			path = TableViewCells;
			sourceTree = "<group>";
		};
		ACE6925626BED1590034D1CA /* LocalStorage */ = {
			isa = PBXGroup;
			children = (
				ACE6925726BED16A0034D1CA /* CoreDataStorage.swift */,
			);
			path = LocalStorage;
			sourceTree = "<group>";
		};
		ACE6926426BED8CB0034D1CA /* Common */ = {
			isa = PBXGroup;
			children = (
				ACE6926526BED8DE0034D1CA /* Cancellable.swift */,
				ACE6926A26BED8F00034D1CA /* ConnectionError.swift */,
				ACE6927826BEF7420034D1CA /* Observable.swift */,
				ACE6928D26BF05920034D1CA /* CacheableImageView.swift */,
				ACE692A426BF1EB40034D1CA /* TransparentNavigationBar.swift */,
			);
			path = Common;
			sourceTree = "<group>";
		};
/* End PBXGroup section */

/* Begin PBXNativeTarget section */
		AC7DD20C26BD89BA002AAA38 /* ios-swift-mvvm-starter */ = {
			isa = PBXNativeTarget;
			buildConfigurationList = AC7DD23726BD89BB002AAA38 /* Build configuration list for PBXNativeTarget "ios-swift-mvvm-starter" */;
			buildPhases = (
				AC7DD20926BD89BA002AAA38 /* Sources */,
				AC7DD20A26BD89BA002AAA38 /* Frameworks */,
				AC7DD20B26BD89BA002AAA38 /* Resources */,
			);
			buildRules = (
			);
			dependencies = (
			);
			name = "ios-swift-mvvm-starter";
			productName = "ios-swift-mvvm-starter";
			productReference = AC7DD20D26BD89BA002AAA38 /* ios-swift-mvvm-starter.app */;
			productType = "com.apple.product-type.application";
		};
		AC7DD22226BD89BB002AAA38 /* ios-swift-mvvm-starterTests */ = {
			isa = PBXNativeTarget;
			buildConfigurationList = AC7DD23A26BD89BB002AAA38 /* Build configuration list for PBXNativeTarget "ios-swift-mvvm-starterTests" */;
			buildPhases = (
				AC7DD21F26BD89BB002AAA38 /* Sources */,
				AC7DD22026BD89BB002AAA38 /* Frameworks */,
				AC7DD22126BD89BB002AAA38 /* Resources */,
			);
			buildRules = (
			);
			dependencies = (
				AC7DD22526BD89BB002AAA38 /* PBXTargetDependency */,
			);
			name = "ios-swift-mvvm-starterTests";
			productName = "ios-swift-mvvm-starterTests";
			productReference = AC7DD22326BD89BB002AAA38 /* ios-swift-mvvm-starterTests.xctest */;
			productType = "com.apple.product-type.bundle.unit-test";
		};
		AC7DD22D26BD89BB002AAA38 /* ios-swift-mvvm-starterUITests */ = {
			isa = PBXNativeTarget;
			buildConfigurationList = AC7DD23D26BD89BB002AAA38 /* Build configuration list for PBXNativeTarget "ios-swift-mvvm-starterUITests" */;
			buildPhases = (
				AC7DD22A26BD89BB002AAA38 /* Sources */,
				AC7DD22B26BD89BB002AAA38 /* Frameworks */,
				AC7DD22C26BD89BB002AAA38 /* Resources */,
			);
			buildRules = (
			);
			dependencies = (
				AC7DD23026BD89BB002AAA38 /* PBXTargetDependency */,
			);
			name = "ios-swift-mvvm-starterUITests";
			productName = "ios-swift-mvvm-starterUITests";
			productReference = AC7DD22E26BD89BB002AAA38 /* ios-swift-mvvm-starterUITests.xctest */;
			productType = "com.apple.product-type.bundle.ui-testing";
		};
/* End PBXNativeTarget section */

/* Begin PBXProject section */
		AC7DD20526BD89BA002AAA38 /* Project object */ = {
			isa = PBXProject;
			attributes = {
				LastSwiftUpdateCheck = 1210;
				LastUpgradeCheck = 1210;
				TargetAttributes = {
					AC7DD20C26BD89BA002AAA38 = {
						CreatedOnToolsVersion = 12.1;
					};
					AC7DD22226BD89BB002AAA38 = {
						CreatedOnToolsVersion = 12.1;
						TestTargetID = AC7DD20C26BD89BA002AAA38;
					};
					AC7DD22D26BD89BB002AAA38 = {
						CreatedOnToolsVersion = 12.1;
						TestTargetID = AC7DD20C26BD89BA002AAA38;
					};
				};
			};
			buildConfigurationList = AC7DD20826BD89BA002AAA38 /* Build configuration list for PBXProject "ios-swift-mvvm-starter" */;
			compatibilityVersion = "Xcode 9.3";
			developmentRegion = en;
			hasScannedForEncodings = 0;
			knownRegions = (
				en,
				Base,
			);
			mainGroup = AC7DD20426BD89BA002AAA38;
			productRefGroup = AC7DD20E26BD89BA002AAA38 /* Products */;
			projectDirPath = "";
			projectRoot = "";
			targets = (
				AC7DD20C26BD89BA002AAA38 /* ios-swift-mvvm-starter */,
				AC7DD22226BD89BB002AAA38 /* ios-swift-mvvm-starterTests */,
				AC7DD22D26BD89BB002AAA38 /* ios-swift-mvvm-starterUITests */,
			);
		};
/* End PBXProject section */

/* Begin PBXResourcesBuildPhase section */
		AC7DD20B26BD89BA002AAA38 /* Resources */ = {
			isa = PBXResourcesBuildPhase;
			buildActionMask = 2147483647;
			files = (
				AC7DD21D26BD89BB002AAA38 /* LaunchScreen.storyboard in Resources */,
				AC7DD2A526BD93BC002AAA38 /* Users.storyboard in Resources */,
				AC7DD21A26BD89BB002AAA38 /* Assets.xcassets in Resources */,
			);
			runOnlyForDeploymentPostprocessing = 0;
		};
		AC7DD22126BD89BB002AAA38 /* Resources */ = {
			isa = PBXResourcesBuildPhase;
			buildActionMask = 2147483647;
			files = (
			);
			runOnlyForDeploymentPostprocessing = 0;
		};
		AC7DD22C26BD89BB002AAA38 /* Resources */ = {
			isa = PBXResourcesBuildPhase;
			buildActionMask = 2147483647;
			files = (
			);
			runOnlyForDeploymentPostprocessing = 0;
		};
/* End PBXResourcesBuildPhase section */

/* Begin PBXSourcesBuildPhase section */
		AC7DD20926BD89BA002AAA38 /* Sources */ = {
			isa = PBXSourcesBuildPhase;
			buildActionMask = 2147483647;
			files = (
				ACE6927026BEE85B0034D1CA /* AppDIContainer.swift in Sources */,
				ACE6928E26BF05920034D1CA /* CacheableImageView.swift in Sources */,
				AC7DD2EA26BD9D52002AAA38 /* UsersRemoteDataManager.swift in Sources */,
				AC7DD2FB26BE3CED002AAA38 /* UsersModule.swift in Sources */,
				AC7DD37F26BE8572002AAA38 /* BaseTableViewCell.swift in Sources */,
				AC7DD2D826BD9B6E002AAA38 /* CoreDataStorage.xcdatamodeld in Sources */,
				AC7DD37726BE8547002AAA38 /* UserTableViewCell.swift in Sources */,
				AC7DD36826BE5E57002AAA38 /* NetworkConfig.swift in Sources */,
				ACE6929B26BF0F9B0034D1CA /* UserActivityTableViewCell.swift in Sources */,
				AC7DD36526BE5E57002AAA38 /* DataTransferService.swift in Sources */,
				AC7DD2AA26BD93D5002AAA38 /* UsersViewController.swift in Sources */,
				ACE6926626BED8DE0034D1CA /* Cancellable.swift in Sources */,
				ACE6926026BED88A0034D1CA /* NetworkTask.swift in Sources */,
				AC7DD2AF26BD93E0002AAA38 /* UserDetailViewController.swift in Sources */,
				AC7DD2C426BD95B9002AAA38 /* Users.swift in Sources */,
				AC7DD2B426BD940D002AAA38 /* BaseUsersViewController.swift in Sources */,
				AC7DD21126BD89BA002AAA38 /* AppDelegate.swift in Sources */,
				ACE692A526BF1EB40034D1CA /* TransparentNavigationBar.swift in Sources */,
				AC7DD2B926BD9474002AAA38 /* UsersViewModel.swift in Sources */,
				AC7DD27626BD8FC2002AAA38 /* UsersAPIEndpoints.swift in Sources */,
				ACE6929626BF0F7F0034D1CA /* UserProfileTableViewCell.swift in Sources */,
				ACE6925826BED16A0034D1CA /* CoreDataStorage.swift in Sources */,
				AC7DD36626BE5E57002AAA38 /* NetworkService.swift in Sources */,
				AC7DD2CF26BD993A002AAA38 /* UserLocalDataManager.swift in Sources */,
				AC7DD26426BD8E68002AAA38 /* AppFlowCoordinator.swift in Sources */,
				AC7DD25F26BD8E2E002AAA38 /* AppConfiguration.swift in Sources */,
				AC7DD2F626BE3A95002AAA38 /* BaseViewController.swift in Sources */,
				ACE6927926BEF7420034D1CA /* Observable.swift in Sources */,
				ACE692A026BF0FA50034D1CA /* UserBioTableViewCell.swift in Sources */,
				AC7DD25A26BD8D32002AAA38 /* SceneDelegate.swift in Sources */,
				AC7DD36726BE5E57002AAA38 /* APIEndpoint.swift in Sources */,
				ACE6926B26BED8F00034D1CA /* ConnectionError.swift in Sources */,
				AC7DD31C26BE472D002AAA38 /* UsersResponse.swift in Sources */,
			);
			runOnlyForDeploymentPostprocessing = 0;
		};
		AC7DD21F26BD89BB002AAA38 /* Sources */ = {
			isa = PBXSourcesBuildPhase;
			buildActionMask = 2147483647;
			files = (
				AC7DD22826BD89BB002AAA38 /* ios_swift_mvvm_starterTests.swift in Sources */,
			);
			runOnlyForDeploymentPostprocessing = 0;
		};
		AC7DD22A26BD89BB002AAA38 /* Sources */ = {
			isa = PBXSourcesBuildPhase;
			buildActionMask = 2147483647;
			files = (
				AC7DD23326BD89BB002AAA38 /* ios_swift_mvvm_starterUITests.swift in Sources */,
			);
			runOnlyForDeploymentPostprocessing = 0;
		};
/* End PBXSourcesBuildPhase section */

/* Begin PBXTargetDependency section */
		AC7DD22526BD89BB002AAA38 /* PBXTargetDependency */ = {
			isa = PBXTargetDependency;
			target = AC7DD20C26BD89BA002AAA38 /* ios-swift-mvvm-starter */;
			targetProxy = AC7DD22426BD89BB002AAA38 /* PBXContainerItemProxy */;
		};
		AC7DD23026BD89BB002AAA38 /* PBXTargetDependency */ = {
			isa = PBXTargetDependency;
			target = AC7DD20C26BD89BA002AAA38 /* ios-swift-mvvm-starter */;
			targetProxy = AC7DD22F26BD89BB002AAA38 /* PBXContainerItemProxy */;
		};
/* End PBXTargetDependency section */

/* Begin PBXVariantGroup section */
		AC7DD21B26BD89BB002AAA38 /* LaunchScreen.storyboard */ = {
			isa = PBXVariantGroup;
			children = (
				AC7DD21C26BD89BB002AAA38 /* Base */,
			);
			name = LaunchScreen.storyboard;
			sourceTree = "<group>";
		};
/* End PBXVariantGroup section */

/* Begin XCBuildConfiguration section */
		AC7DD23526BD89BB002AAA38 /* Debug */ = {
			isa = XCBuildConfiguration;
			buildSettings = {
				ALWAYS_SEARCH_USER_PATHS = NO;
				CLANG_ANALYZER_NONNULL = YES;
				CLANG_ANALYZER_NUMBER_OBJECT_CONVERSION = YES_AGGRESSIVE;
				CLANG_CXX_LANGUAGE_STANDARD = "gnu++14";
				CLANG_CXX_LIBRARY = "libc++";
				CLANG_ENABLE_MODULES = YES;
				CLANG_ENABLE_OBJC_ARC = YES;
				CLANG_ENABLE_OBJC_WEAK = YES;
				CLANG_WARN_BLOCK_CAPTURE_AUTORELEASING = YES;
				CLANG_WARN_BOOL_CONVERSION = YES;
				CLANG_WARN_COMMA = YES;
				CLANG_WARN_CONSTANT_CONVERSION = YES;
				CLANG_WARN_DEPRECATED_OBJC_IMPLEMENTATIONS = YES;
				CLANG_WARN_DIRECT_OBJC_ISA_USAGE = YES_ERROR;
				CLANG_WARN_DOCUMENTATION_COMMENTS = YES;
				CLANG_WARN_EMPTY_BODY = YES;
				CLANG_WARN_ENUM_CONVERSION = YES;
				CLANG_WARN_INFINITE_RECURSION = YES;
				CLANG_WARN_INT_CONVERSION = YES;
				CLANG_WARN_NON_LITERAL_NULL_CONVERSION = YES;
				CLANG_WARN_OBJC_IMPLICIT_RETAIN_SELF = YES;
				CLANG_WARN_OBJC_LITERAL_CONVERSION = YES;
				CLANG_WARN_OBJC_ROOT_CLASS = YES_ERROR;
				CLANG_WARN_QUOTED_INCLUDE_IN_FRAMEWORK_HEADER = YES;
				CLANG_WARN_RANGE_LOOP_ANALYSIS = YES;
				CLANG_WARN_STRICT_PROTOTYPES = YES;
				CLANG_WARN_SUSPICIOUS_MOVE = YES;
				CLANG_WARN_UNGUARDED_AVAILABILITY = YES_AGGRESSIVE;
				CLANG_WARN_UNREACHABLE_CODE = YES;
				CLANG_WARN__DUPLICATE_METHOD_MATCH = YES;
				COPY_PHASE_STRIP = NO;
				DEBUG_INFORMATION_FORMAT = dwarf;
				ENABLE_STRICT_OBJC_MSGSEND = YES;
				ENABLE_TESTABILITY = YES;
				GCC_C_LANGUAGE_STANDARD = gnu11;
				GCC_DYNAMIC_NO_PIC = NO;
				GCC_NO_COMMON_BLOCKS = YES;
				GCC_OPTIMIZATION_LEVEL = 0;
				GCC_PREPROCESSOR_DEFINITIONS = (
					"DEBUG=1",
					"$(inherited)",
				);
				GCC_WARN_64_TO_32_BIT_CONVERSION = YES;
				GCC_WARN_ABOUT_RETURN_TYPE = YES_ERROR;
				GCC_WARN_UNDECLARED_SELECTOR = YES;
				GCC_WARN_UNINITIALIZED_AUTOS = YES_AGGRESSIVE;
				GCC_WARN_UNUSED_FUNCTION = YES;
				GCC_WARN_UNUSED_VARIABLE = YES;
				IPHONEOS_DEPLOYMENT_TARGET = 14.1;
				MTL_ENABLE_DEBUG_INFO = INCLUDE_SOURCE;
				MTL_FAST_MATH = YES;
				ONLY_ACTIVE_ARCH = YES;
				SDKROOT = iphoneos;
				SWIFT_ACTIVE_COMPILATION_CONDITIONS = DEBUG;
				SWIFT_OPTIMIZATION_LEVEL = "-Onone";
			};
			name = Debug;
		};
		AC7DD23626BD89BB002AAA38 /* Release */ = {
			isa = XCBuildConfiguration;
			buildSettings = {
				ALWAYS_SEARCH_USER_PATHS = NO;
				CLANG_ANALYZER_NONNULL = YES;
				CLANG_ANALYZER_NUMBER_OBJECT_CONVERSION = YES_AGGRESSIVE;
				CLANG_CXX_LANGUAGE_STANDARD = "gnu++14";
				CLANG_CXX_LIBRARY = "libc++";
				CLANG_ENABLE_MODULES = YES;
				CLANG_ENABLE_OBJC_ARC = YES;
				CLANG_ENABLE_OBJC_WEAK = YES;
				CLANG_WARN_BLOCK_CAPTURE_AUTORELEASING = YES;
				CLANG_WARN_BOOL_CONVERSION = YES;
				CLANG_WARN_COMMA = YES;
				CLANG_WARN_CONSTANT_CONVERSION = YES;
				CLANG_WARN_DEPRECATED_OBJC_IMPLEMENTATIONS = YES;
				CLANG_WARN_DIRECT_OBJC_ISA_USAGE = YES_ERROR;
				CLANG_WARN_DOCUMENTATION_COMMENTS = YES;
				CLANG_WARN_EMPTY_BODY = YES;
				CLANG_WARN_ENUM_CONVERSION = YES;
				CLANG_WARN_INFINITE_RECURSION = YES;
				CLANG_WARN_INT_CONVERSION = YES;
				CLANG_WARN_NON_LITERAL_NULL_CONVERSION = YES;
				CLANG_WARN_OBJC_IMPLICIT_RETAIN_SELF = YES;
				CLANG_WARN_OBJC_LITERAL_CONVERSION = YES;
				CLANG_WARN_OBJC_ROOT_CLASS = YES_ERROR;
				CLANG_WARN_QUOTED_INCLUDE_IN_FRAMEWORK_HEADER = YES;
				CLANG_WARN_RANGE_LOOP_ANALYSIS = YES;
				CLANG_WARN_STRICT_PROTOTYPES = YES;
				CLANG_WARN_SUSPICIOUS_MOVE = YES;
				CLANG_WARN_UNGUARDED_AVAILABILITY = YES_AGGRESSIVE;
				CLANG_WARN_UNREACHABLE_CODE = YES;
				CLANG_WARN__DUPLICATE_METHOD_MATCH = YES;
				COPY_PHASE_STRIP = NO;
				DEBUG_INFORMATION_FORMAT = "dwarf-with-dsym";
				ENABLE_NS_ASSERTIONS = NO;
				ENABLE_STRICT_OBJC_MSGSEND = YES;
				GCC_C_LANGUAGE_STANDARD = gnu11;
				GCC_NO_COMMON_BLOCKS = YES;
				GCC_WARN_64_TO_32_BIT_CONVERSION = YES;
				GCC_WARN_ABOUT_RETURN_TYPE = YES_ERROR;
				GCC_WARN_UNDECLARED_SELECTOR = YES;
				GCC_WARN_UNINITIALIZED_AUTOS = YES_AGGRESSIVE;
				GCC_WARN_UNUSED_FUNCTION = YES;
				GCC_WARN_UNUSED_VARIABLE = YES;
				IPHONEOS_DEPLOYMENT_TARGET = 14.1;
				MTL_ENABLE_DEBUG_INFO = NO;
				MTL_FAST_MATH = YES;
				SDKROOT = iphoneos;
				SWIFT_COMPILATION_MODE = wholemodule;
				SWIFT_OPTIMIZATION_LEVEL = "-O";
				VALIDATE_PRODUCT = YES;
			};
			name = Release;
		};
		AC7DD23826BD89BB002AAA38 /* Debug */ = {
			isa = XCBuildConfiguration;
			buildSettings = {
				ASSETCATALOG_COMPILER_APPICON_NAME = AppIcon;
				ASSETCATALOG_COMPILER_GLOBAL_ACCENT_COLOR_NAME = AccentColor;
				CODE_SIGN_STYLE = Automatic;
				INFOPLIST_FILE = "ios-swift-mvvm-starter/Info.plist";
				IPHONEOS_DEPLOYMENT_TARGET = 13.0;
				LD_RUNPATH_SEARCH_PATHS = (
					"$(inherited)",
					"@executable_path/Frameworks",
				);
				PRODUCT_BUNDLE_IDENTIFIER = "canngo.ios-swift-mvvm-starter";
				PRODUCT_NAME = "$(TARGET_NAME)";
				SWIFT_VERSION = 5.0;
				TARGETED_DEVICE_FAMILY = 1;
			};
			name = Debug;
		};
		AC7DD23926BD89BB002AAA38 /* Release */ = {
			isa = XCBuildConfiguration;
			buildSettings = {
				ASSETCATALOG_COMPILER_APPICON_NAME = AppIcon;
				ASSETCATALOG_COMPILER_GLOBAL_ACCENT_COLOR_NAME = AccentColor;
				CODE_SIGN_STYLE = Automatic;
				INFOPLIST_FILE = "ios-swift-mvvm-starter/Info.plist";
				IPHONEOS_DEPLOYMENT_TARGET = 13.0;
				LD_RUNPATH_SEARCH_PATHS = (
					"$(inherited)",
					"@executable_path/Frameworks",
				);
				PRODUCT_BUNDLE_IDENTIFIER = "canngo.ios-swift-mvvm-starter";
				PRODUCT_NAME = "$(TARGET_NAME)";
				SWIFT_VERSION = 5.0;
				TARGETED_DEVICE_FAMILY = 1;
			};
			name = Release;
		};
		AC7DD23B26BD89BB002AAA38 /* Debug */ = {
			isa = XCBuildConfiguration;
			buildSettings = {
				ALWAYS_EMBED_SWIFT_STANDARD_LIBRARIES = YES;
				BUNDLE_LOADER = "$(TEST_HOST)";
				CODE_SIGN_STYLE = Automatic;
				INFOPLIST_FILE = "ios-swift-mvvm-starterTests/Info.plist";
				IPHONEOS_DEPLOYMENT_TARGET = 14.1;
				LD_RUNPATH_SEARCH_PATHS = (
					"$(inherited)",
					"@executable_path/Frameworks",
					"@loader_path/Frameworks",
				);
				PRODUCT_BUNDLE_IDENTIFIER = "canngo.ios-swift-mvvm-starterTests";
				PRODUCT_NAME = "$(TARGET_NAME)";
				SWIFT_VERSION = 5.0;
				TARGETED_DEVICE_FAMILY = "1,2";
				TEST_HOST = "$(BUILT_PRODUCTS_DIR)/ios-swift-mvvm-starter.app/ios-swift-mvvm-starter";
			};
			name = Debug;
		};
		AC7DD23C26BD89BB002AAA38 /* Release */ = {
			isa = XCBuildConfiguration;
			buildSettings = {
				ALWAYS_EMBED_SWIFT_STANDARD_LIBRARIES = YES;
				BUNDLE_LOADER = "$(TEST_HOST)";
				CODE_SIGN_STYLE = Automatic;
				INFOPLIST_FILE = "ios-swift-mvvm-starterTests/Info.plist";
				IPHONEOS_DEPLOYMENT_TARGET = 14.1;
				LD_RUNPATH_SEARCH_PATHS = (
					"$(inherited)",
					"@executable_path/Frameworks",
					"@loader_path/Frameworks",
				);
				PRODUCT_BUNDLE_IDENTIFIER = "canngo.ios-swift-mvvm-starterTests";
				PRODUCT_NAME = "$(TARGET_NAME)";
				SWIFT_VERSION = 5.0;
				TARGETED_DEVICE_FAMILY = "1,2";
				TEST_HOST = "$(BUILT_PRODUCTS_DIR)/ios-swift-mvvm-starter.app/ios-swift-mvvm-starter";
			};
			name = Release;
		};
		AC7DD23E26BD89BB002AAA38 /* Debug */ = {
			isa = XCBuildConfiguration;
			buildSettings = {
				ALWAYS_EMBED_SWIFT_STANDARD_LIBRARIES = YES;
				CODE_SIGN_STYLE = Automatic;
				INFOPLIST_FILE = "ios-swift-mvvm-starterUITests/Info.plist";
				LD_RUNPATH_SEARCH_PATHS = (
					"$(inherited)",
					"@executable_path/Frameworks",
					"@loader_path/Frameworks",
				);
				PRODUCT_BUNDLE_IDENTIFIER = "canngo.ios-swift-mvvm-starterUITests";
				PRODUCT_NAME = "$(TARGET_NAME)";
				SWIFT_VERSION = 5.0;
				TARGETED_DEVICE_FAMILY = "1,2";
				TEST_TARGET_NAME = "ios-swift-mvvm-starter";
			};
			name = Debug;
		};
		AC7DD23F26BD89BB002AAA38 /* Release */ = {
			isa = XCBuildConfiguration;
			buildSettings = {
				ALWAYS_EMBED_SWIFT_STANDARD_LIBRARIES = YES;
				CODE_SIGN_STYLE = Automatic;
				INFOPLIST_FILE = "ios-swift-mvvm-starterUITests/Info.plist";
				LD_RUNPATH_SEARCH_PATHS = (
					"$(inherited)",
					"@executable_path/Frameworks",
					"@loader_path/Frameworks",
				);
				PRODUCT_BUNDLE_IDENTIFIER = "canngo.ios-swift-mvvm-starterUITests";
				PRODUCT_NAME = "$(TARGET_NAME)";
				SWIFT_VERSION = 5.0;
				TARGETED_DEVICE_FAMILY = "1,2";
				TEST_TARGET_NAME = "ios-swift-mvvm-starter";
			};
			name = Release;
		};
/* End XCBuildConfiguration section */

/* Begin XCConfigurationList section */
		AC7DD20826BD89BA002AAA38 /* Build configuration list for PBXProject "ios-swift-mvvm-starter" */ = {
			isa = XCConfigurationList;
			buildConfigurations = (
				AC7DD23526BD89BB002AAA38 /* Debug */,
				AC7DD23626BD89BB002AAA38 /* Release */,
			);
			defaultConfigurationIsVisible = 0;
			defaultConfigurationName = Release;
		};
		AC7DD23726BD89BB002AAA38 /* Build configuration list for PBXNativeTarget "ios-swift-mvvm-starter" */ = {
			isa = XCConfigurationList;
			buildConfigurations = (
				AC7DD23826BD89BB002AAA38 /* Debug */,
				AC7DD23926BD89BB002AAA38 /* Release */,
			);
			defaultConfigurationIsVisible = 0;
			defaultConfigurationName = Release;
		};
		AC7DD23A26BD89BB002AAA38 /* Build configuration list for PBXNativeTarget "ios-swift-mvvm-starterTests" */ = {
			isa = XCConfigurationList;
			buildConfigurations = (
				AC7DD23B26BD89BB002AAA38 /* Debug */,
				AC7DD23C26BD89BB002AAA38 /* Release */,
			);
			defaultConfigurationIsVisible = 0;
			defaultConfigurationName = Release;
		};
		AC7DD23D26BD89BB002AAA38 /* Build configuration list for PBXNativeTarget "ios-swift-mvvm-starterUITests" */ = {
			isa = XCConfigurationList;
			buildConfigurations = (
				AC7DD23E26BD89BB002AAA38 /* Debug */,
				AC7DD23F26BD89BB002AAA38 /* Release */,
			);
			defaultConfigurationIsVisible = 0;
			defaultConfigurationName = Release;
		};
/* End XCConfigurationList section */

/* Begin XCVersionGroup section */
		AC7DD2D626BD9B6E002AAA38 /* CoreDataStorage.xcdatamodeld */ = {
			isa = XCVersionGroup;
			children = (
				AC7DD2D726BD9B6E002AAA38 /* GitUsers.xcdatamodel */,
			);
			currentVersion = AC7DD2D726BD9B6E002AAA38 /* GitUsers.xcdatamodel */;
			path = CoreDataStorage.xcdatamodeld;
			sourceTree = "<group>";
			versionGroupType = wrapper.xcdatamodel;
		};
/* End XCVersionGroup section */
	};
	rootObject = AC7DD20526BD89BA002AAA38 /* Project object */;
}
